
Microsoft Visual Studio Solution File, Format Version 12.00
# Visual Studio 2013
VisualStudioVersion = 12.0.40629.0
MinimumVisualStudioVersion = 10.0.40219.1
Project("{2150E333-8FDC-42A3-9474-1A3956D46DE8}") = "web", "web", "{C44E1A98-2A0B-4346-AD4E-EC205E502C8A}"
EndProject
Project("{FAE04EC0-301F-11D3-BF4B-00C04F79EFBC}") = "StockTicker.Web", "web\StockTicker.Web\StockTicker.Web.csproj", "{9E2E2CA6-4914-4837-B446-959D49A18F64}"
EndProject
Project("{2150E333-8FDC-42A3-9474-1A3956D46DE8}") = "src", "src", "{51A1CCD6-6520-47DC-981C-5C811C879133}"
EndProject
Project("{FAE04EC0-301F-11D3-BF4B-00C04F79EFBC}") = "StockTicker.Library", "src\StockTicker.Library\StockTicker.Library.csproj", "{E83A7629-A242-4B53-9308-F2B3D66E8ADD}"
EndProject
Project("{2150E333-8FDC-42A3-9474-1A3956D46DE8}") = "tests", "tests", "{D79D7D65-7AA1-4544-BD4E-C3678D982DAA}"
EndProject
Project("{FAE04EC0-301F-11D3-BF4B-00C04F79EFBC}") = "StockTicker.Tests", "tests\StockTicker.Tests\StockTicker.Tests.csproj", "{BBAC867E-76F3-44B0-9641-10C1695BBA31}"
EndProject
Global
	GlobalSection(SolutionConfigurationPlatforms) = preSolution
		Debug|Any CPU = Debug|Any CPU
		Release|Any CPU = Release|Any CPU
	EndGlobalSection
	GlobalSection(ProjectConfigurationPlatforms) = postSolution
		{9E2E2CA6-4914-4837-B446-959D49A18F64}.Debug|Any CPU.ActiveCfg = Debug|Any CPU
		{9E2E2CA6-4914-4837-B446-959D49A18F64}.Debug|Any CPU.Build.0 = Debug|Any CPU
		{9E2E2CA6-4914-4837-B446-959D49A18F64}.Release|Any CPU.ActiveCfg = Release|Any CPU
		{9E2E2CA6-4914-4837-B446-959D49A18F64}.Release|Any CPU.Build.0 = Release|Any CPU
		{E83A7629-A242-4B53-9308-F2B3D66E8ADD}.Debug|Any CPU.ActiveCfg = Debug|Any CPU
		{E83A7629-A242-4B53-9308-F2B3D66E8ADD}.Debug|Any CPU.Build.0 = Debug|Any CPU
		{E83A7629-A242-4B53-9308-F2B3D66E8ADD}.Release|Any CPU.ActiveCfg = Release|Any CPU
		{E83A7629-A242-4B53-9308-F2B3D66E8ADD}.Release|Any CPU.Build.0 = Release|Any CPU
		{BBAC867E-76F3-44B0-9641-10C1695BBA31}.Debug|Any CPU.ActiveCfg = Debug|Any CPU
		{BBAC867E-76F3-44B0-9641-10C1695BBA31}.Debug|Any CPU.Build.0 = Debug|Any CPU
		{BBAC867E-76F3-44B0-9641-10C1695BBA31}.Release|Any CPU.ActiveCfg = Release|Any CPU
		{BBAC867E-76F3-44B0-9641-10C1695BBA31}.Release|Any CPU.Build.0 = Release|Any CPU
	EndGlobalSection
	GlobalSection(SolutionProperties) = preSolution
		HideSolutionNode = FALSE
	EndGlobalSection
	GlobalSection(NestedProjects) = preSolution
		{9E2E2CA6-4914-4837-B446-959D49A18F64} = {C44E1A98-2A0B-4346-AD4E-EC205E502C8A}
		{E83A7629-A242-4B53-9308-F2B3D66E8ADD} = {51A1CCD6-6520-47DC-981C-5C811C879133}
		{BBAC867E-76F3-44B0-9641-10C1695BBA31} = {D79D7D65-7AA1-4544-BD4E-C3678D982DAA}
	EndGlobalSection
EndGlobal
